
Microsoft Visual Studio Solution File, Format Version 12.00
# Visual Studio Version 17
VisualStudioVersion = 17.7.34202.233
MinimumVisualStudioVersion = 10.0.40219.1
Project("{FAE04EC0-301F-11D3-BF4B-00C04F79EFBC}") = "Staggs_LinkedList", "Staggs_LinkedList\Staggs_LinkedList.csproj", "{CE5CF7E5-9CB3-4471-B77E-0845B19E0DE9}"
EndProject
Global
	GlobalSection(SolutionConfigurationPlatforms) = preSolution
		Debug|Any CPU = Debug|Any CPU
		Release|Any CPU = Release|Any CPU
	EndGlobalSection
	GlobalSection(ProjectConfigurationPlatforms) = postSolution
		{CE5CF7E5-9CB3-4471-B77E-0845B19E0DE9}.Debug|Any CPU.ActiveCfg = Debug|Any CPU
		{CE5CF7E5-9CB3-4471-B77E-0845B19E0DE9}.Debug|Any CPU.Build.0 = Debug|Any CPU
		{CE5CF7E5-9CB3-4471-B77E-0845B19E0DE9}.Release|Any CPU.ActiveCfg = Release|Any CPU
		{CE5CF7E5-9CB3-4471-B77E-0845B19E0DE9}.Release|Any CPU.Build.0 = Release|Any CPU
	EndGlobalSection
	GlobalSection(SolutionProperties) = preSolution
		HideSolutionNode = FALSE
	EndGlobalSection
	GlobalSection(ExtensibilityGlobals) = postSolution
		SolutionGuid = {BAD80833-2AED-4332-BC3C-4E81EC8C2556}
	EndGlobalSection
EndGlobal
